// !$*UTF8*$!
{
	archiveVersion = 1;
	classes = {
	};
	objectVersion = 56;
	objects = {

/* Begin PBXBuildFile section */
		A27ED6852AE2CE430058196A /* ScreenTimeTestApp.swift in Sources */ = {isa = PBXBuildFile; fileRef = A27ED6842AE2CE430058196A /* ScreenTimeTestApp.swift */; };
		A27ED6872AE2CE430058196A /* ChartView.swift in Sources */ = {isa = PBXBuildFile; fileRef = A27ED6862AE2CE430058196A /* ChartView.swift */; };
		A27ED6892AE2CE440058196A /* Assets.xcassets in Resources */ = {isa = PBXBuildFile; fileRef = A27ED6882AE2CE440058196A /* Assets.xcassets */; };
		A27ED68C2AE2CE440058196A /* Preview Assets.xcassets in Resources */ = {isa = PBXBuildFile; fileRef = A27ED68B2AE2CE440058196A /* Preview Assets.xcassets */; };
		A27ED6AE2AE2CF700058196A /* DeviceActivityReportExtension.swift in Sources */ = {isa = PBXBuildFile; fileRef = A27ED6AD2AE2CF700058196A /* DeviceActivityReportExtension.swift */; };
		A27ED6B02AE2CF700058196A /* TotalActivityReport.swift in Sources */ = {isa = PBXBuildFile; fileRef = A27ED6AF2AE2CF700058196A /* TotalActivityReport.swift */; };
		A27ED6B22AE2CF700058196A /* TotalActivityView.swift in Sources */ = {isa = PBXBuildFile; fileRef = A27ED6B12AE2CF700058196A /* TotalActivityView.swift */; };
		A27ED6B72AE2CF700058196A /* DeviceActivityReportExtension.appex in Embed ExtensionKit Extensions */ = {isa = PBXBuildFile; fileRef = A27ED6AB2AE2CF700058196A /* DeviceActivityReportExtension.appex */; settings = {ATTRIBUTES = (RemoveHeadersOnCopy, ); }; };
		A27ED6BD2AE2D0350058196A /* AppDeviceActivity.swift in Sources */ = {isa = PBXBuildFile; fileRef = A27ED6BC2AE2D0350058196A /* AppDeviceActivity.swift */; };
/* End PBXBuildFile section */

/* Begin PBXContainerItemProxy section */
		A27ED6B52AE2CF700058196A /* PBXContainerItemProxy */ = {
			isa = PBXContainerItemProxy;
			containerPortal = A27ED6792AE2CE430058196A /* Project object */;
			proxyType = 1;
			remoteGlobalIDString = A27ED6AA2AE2CF700058196A;
			remoteInfo = DeviceActivityReportExtension;
		};
/* End PBXContainerItemProxy section */

/* Begin PBXCopyFilesBuildPhase section */
		A27ED6A62AE2CF080058196A /* Embed Foundation Extensions */ = {
			isa = PBXCopyFilesBuildPhase;
			buildActionMask = 2147483647;
			dstPath = "";
			dstSubfolderSpec = 13;
			files = (
			);
			name = "Embed Foundation Extensions";
			runOnlyForDeploymentPostprocessing = 0;
		};
		A27ED6BB2AE2CF700058196A /* Embed ExtensionKit Extensions */ = {
			isa = PBXCopyFilesBuildPhase;
			buildActionMask = 2147483647;
			dstPath = "$(EXTENSIONS_FOLDER_PATH)";
			dstSubfolderSpec = 16;
			files = (
				A27ED6B72AE2CF700058196A /* DeviceActivityReportExtension.appex in Embed ExtensionKit Extensions */,
			);
			name = "Embed ExtensionKit Extensions";
			runOnlyForDeploymentPostprocessing = 0;
		};
/* End PBXCopyFilesBuildPhase section */

/* Begin PBXFileReference section */
		A27ED6812AE2CE430058196A /* ScreenTimeTest.app */ = {isa = PBXFileReference; explicitFileType = wrapper.application; includeInIndex = 0; path = ScreenTimeTest.app; sourceTree = BUILT_PRODUCTS_DIR; };
		A27ED6842AE2CE430058196A /* ScreenTimeTestApp.swift */ = {isa = PBXFileReference; lastKnownFileType = sourcecode.swift; path = ScreenTimeTestApp.swift; sourceTree = "<group>"; };
		A27ED6862AE2CE430058196A /* ChartView.swift */ = {isa = PBXFileReference; lastKnownFileType = sourcecode.swift; path = ChartView.swift; sourceTree = "<group>"; };
		A27ED6882AE2CE440058196A /* Assets.xcassets */ = {isa = PBXFileReference; lastKnownFileType = folder.assetcatalog; path = Assets.xcassets; sourceTree = "<group>"; };
		A27ED68B2AE2CE440058196A /* Preview Assets.xcassets */ = {isa = PBXFileReference; lastKnownFileType = folder.assetcatalog; path = "Preview Assets.xcassets"; sourceTree = "<group>"; };
		A27ED6922AE2CE540058196A /* ScreenTimeTest.entitlements */ = {isa = PBXFileReference; lastKnownFileType = text.plist.entitlements; path = ScreenTimeTest.entitlements; sourceTree = "<group>"; };
		A27ED6992AE2CF080058196A /* DeviceActivity.framework */ = {isa = PBXFileReference; lastKnownFileType = wrapper.framework; name = DeviceActivity.framework; path = System/Library/Frameworks/DeviceActivity.framework; sourceTree = SDKROOT; };
		A27ED6AB2AE2CF700058196A /* DeviceActivityReportExtension.appex */ = {isa = PBXFileReference; explicitFileType = "wrapper.extensionkit-extension"; includeInIndex = 0; path = DeviceActivityReportExtension.appex; sourceTree = BUILT_PRODUCTS_DIR; };
		A27ED6AD2AE2CF700058196A /* DeviceActivityReportExtension.swift */ = {isa = PBXFileReference; lastKnownFileType = sourcecode.swift; path = DeviceActivityReportExtension.swift; sourceTree = "<group>"; };
		A27ED6AF2AE2CF700058196A /* TotalActivityReport.swift */ = {isa = PBXFileReference; lastKnownFileType = sourcecode.swift; path = TotalActivityReport.swift; sourceTree = "<group>"; };
		A27ED6B12AE2CF700058196A /* TotalActivityView.swift */ = {isa = PBXFileReference; lastKnownFileType = sourcecode.swift; path = TotalActivityView.swift; sourceTree = "<group>"; };
		A27ED6B32AE2CF700058196A /* Info.plist */ = {isa = PBXFileReference; lastKnownFileType = text.plist.xml; path = Info.plist; sourceTree = "<group>"; };
		A27ED6B42AE2CF700058196A /* DeviceActivityReportExtension.entitlements */ = {isa = PBXFileReference; lastKnownFileType = text.plist.entitlements; path = DeviceActivityReportExtension.entitlements; sourceTree = "<group>"; };
		A27ED6BC2AE2D0350058196A /* AppDeviceActivity.swift */ = {isa = PBXFileReference; lastKnownFileType = sourcecode.swift; path = AppDeviceActivity.swift; sourceTree = "<group>"; };
/* End PBXFileReference section */

/* Begin PBXFrameworksBuildPhase section */
		A27ED67E2AE2CE430058196A /* Frameworks */ = {
			isa = PBXFrameworksBuildPhase;
			buildActionMask = 2147483647;
			files = (
			);
			runOnlyForDeploymentPostprocessing = 0;
		};
		A27ED6A82AE2CF700058196A /* Frameworks */ = {
			isa = PBXFrameworksBuildPhase;
			buildActionMask = 2147483647;
			files = (
			);
			runOnlyForDeploymentPostprocessing = 0;
		};
/* End PBXFrameworksBuildPhase section */

/* Begin PBXGroup section */
		A27ED6782AE2CE430058196A = {
			isa = PBXGroup;
			children = (
				A27ED6832AE2CE430058196A /* ScreenTimeTest */,
				A27ED6AC2AE2CF700058196A /* DeviceActivityReportExtension */,
				A27ED6982AE2CF080058196A /* Frameworks */,
				A27ED6822AE2CE430058196A /* Products */,
			);
			sourceTree = "<group>";
		};
		A27ED6822AE2CE430058196A /* Products */ = {
			isa = PBXGroup;
			children = (
				A27ED6812AE2CE430058196A /* ScreenTimeTest.app */,
				A27ED6AB2AE2CF700058196A /* DeviceActivityReportExtension.appex */,
			);
			name = Products;
			sourceTree = "<group>";
		};
		A27ED6832AE2CE430058196A /* ScreenTimeTest */ = {
			isa = PBXGroup;
			children = (
				A27ED6922AE2CE540058196A /* ScreenTimeTest.entitlements */,
				A27ED6842AE2CE430058196A /* ScreenTimeTestApp.swift */,
				A27ED6862AE2CE430058196A /* ChartView.swift */,
				A27ED6882AE2CE440058196A /* Assets.xcassets */,
				A27ED68A2AE2CE440058196A /* Preview Content */,
			);
			path = ScreenTimeTest;
			sourceTree = "<group>";
		};
		A27ED68A2AE2CE440058196A /* Preview Content */ = {
			isa = PBXGroup;
			children = (
				A27ED68B2AE2CE440058196A /* Preview Assets.xcassets */,
			);
			path = "Preview Content";
			sourceTree = "<group>";
		};
		A27ED6982AE2CF080058196A /* Frameworks */ = {
			isa = PBXGroup;
			children = (
				A27ED6992AE2CF080058196A /* DeviceActivity.framework */,
			);
			name = Frameworks;
			sourceTree = "<group>";
		};
		A27ED6AC2AE2CF700058196A /* DeviceActivityReportExtension */ = {
			isa = PBXGroup;
			children = (
				A27ED6AD2AE2CF700058196A /* DeviceActivityReportExtension.swift */,
				A27ED6AF2AE2CF700058196A /* TotalActivityReport.swift */,
				A27ED6B12AE2CF700058196A /* TotalActivityView.swift */,
				A27ED6B32AE2CF700058196A /* Info.plist */,
				A27ED6B42AE2CF700058196A /* DeviceActivityReportExtension.entitlements */,
				A27ED6BC2AE2D0350058196A /* AppDeviceActivity.swift */,
			);
			path = DeviceActivityReportExtension;
			sourceTree = "<group>";
		};
/* End PBXGroup section */

/* Begin PBXNativeTarget section */
		A27ED6802AE2CE430058196A /* ScreenTimeTest */ = {
			isa = PBXNativeTarget;
			buildConfigurationList = A27ED68F2AE2CE440058196A /* Build configuration list for PBXNativeTarget "ScreenTimeTest" */;
			buildPhases = (
				A27ED67D2AE2CE430058196A /* Sources */,
				A27ED67E2AE2CE430058196A /* Frameworks */,
				A27ED67F2AE2CE430058196A /* Resources */,
				A27ED6A62AE2CF080058196A /* Embed Foundation Extensions */,
				A27ED6BB2AE2CF700058196A /* Embed ExtensionKit Extensions */,
			);
			buildRules = (
			);
			dependencies = (
				A27ED6B62AE2CF700058196A /* PBXTargetDependency */,
			);
			name = ScreenTimeTest;
			productName = ScreenTimeTest;
			productReference = A27ED6812AE2CE430058196A /* ScreenTimeTest.app */;
			productType = "com.apple.product-type.application";
		};
		A27ED6AA2AE2CF700058196A /* DeviceActivityReportExtension */ = {
			isa = PBXNativeTarget;
			buildConfigurationList = A27ED6B82AE2CF700058196A /* Build configuration list for PBXNativeTarget "DeviceActivityReportExtension" */;
			buildPhases = (
				A27ED6A72AE2CF700058196A /* Sources */,
				A27ED6A82AE2CF700058196A /* Frameworks */,
				A27ED6A92AE2CF700058196A /* Resources */,
			);
			buildRules = (
			);
			dependencies = (
			);
			name = DeviceActivityReportExtension;
			productName = DeviceActivityReportExtension;
			productReference = A27ED6AB2AE2CF700058196A /* DeviceActivityReportExtension.appex */;
			productType = "com.apple.product-type.extensionkit-extension";
		};
/* End PBXNativeTarget section */

/* Begin PBXProject section */
		A27ED6792AE2CE430058196A /* Project object */ = {
			isa = PBXProject;
			attributes = {
				BuildIndependentTargetsInParallel = 1;
				LastSwiftUpdateCheck = 1420;
				LastUpgradeCheck = 1420;
				TargetAttributes = {
					A27ED6802AE2CE430058196A = {
						CreatedOnToolsVersion = 14.2;
					};
					A27ED6AA2AE2CF700058196A = {
						CreatedOnToolsVersion = 14.2;
					};
				};
			};
			buildConfigurationList = A27ED67C2AE2CE430058196A /* Build configuration list for PBXProject "ScreenTimeTest" */;
			compatibilityVersion = "Xcode 14.0";
			developmentRegion = en;
			hasScannedForEncodings = 0;
			knownRegions = (
				en,
				Base,
			);
			mainGroup = A27ED6782AE2CE430058196A;
			productRefGroup = A27ED6822AE2CE430058196A /* Products */;
			projectDirPath = "";
			projectRoot = "";
			targets = (
				A27ED6802AE2CE430058196A /* ScreenTimeTest */,
				A27ED6AA2AE2CF700058196A /* DeviceActivityReportExtension */,
			);
		};
/* End PBXProject section */

/* Begin PBXResourcesBuildPhase section */
		A27ED67F2AE2CE430058196A /* Resources */ = {
			isa = PBXResourcesBuildPhase;
			buildActionMask = 2147483647;
			files = (
				A27ED68C2AE2CE440058196A /* Preview Assets.xcassets in Resources */,
				A27ED6892AE2CE440058196A /* Assets.xcassets in Resources */,
			);
			runOnlyForDeploymentPostprocessing = 0;
		};
		A27ED6A92AE2CF700058196A /* Resources */ = {
			isa = PBXResourcesBuildPhase;
			buildActionMask = 2147483647;
			files = (
			);
			runOnlyForDeploymentPostprocessing = 0;
		};
/* End PBXResourcesBuildPhase section */

/* Begin PBXSourcesBuildPhase section */
		A27ED67D2AE2CE430058196A /* Sources */ = {
			isa = PBXSourcesBuildPhase;
			buildActionMask = 2147483647;
			files = (
				A27ED6872AE2CE430058196A /* ChartView.swift in Sources */,
				A27ED6852AE2CE430058196A /* ScreenTimeTestApp.swift in Sources */,
			);
			runOnlyForDeploymentPostprocessing = 0;
		};
		A27ED6A72AE2CF700058196A /* Sources */ = {
			isa = PBXSourcesBuildPhase;
			buildActionMask = 2147483647;
			files = (
				A27ED6BD2AE2D0350058196A /* AppDeviceActivity.swift in Sources */,
				A27ED6B22AE2CF700058196A /* TotalActivityView.swift in Sources */,
				A27ED6AE2AE2CF700058196A /* DeviceActivityReportExtension.swift in Sources */,
				A27ED6B02AE2CF700058196A /* TotalActivityReport.swift in Sources */,
			);
			runOnlyForDeploymentPostprocessing = 0;
		};
/* End PBXSourcesBuildPhase section */

/* Begin PBXTargetDependency section */
		A27ED6B62AE2CF700058196A /* PBXTargetDependency */ = {
			isa = PBXTargetDependency;
			target = A27ED6AA2AE2CF700058196A /* DeviceActivityReportExtension */;
			targetProxy = A27ED6B52AE2CF700058196A /* PBXContainerItemProxy */;
		};
/* End PBXTargetDependency section */

/* Begin XCBuildConfiguration section */
		A27ED68D2AE2CE440058196A /* Debug */ = {
			isa = XCBuildConfiguration;
			buildSettings = {
				ALWAYS_SEARCH_USER_PATHS = NO;
				CLANG_ANALYZER_NONNULL = YES;
				CLANG_ANALYZER_NUMBER_OBJECT_CONVERSION = YES_AGGRESSIVE;
				CLANG_CXX_LANGUAGE_STANDARD = "gnu++20";
				CLANG_ENABLE_MODULES = YES;
				CLANG_ENABLE_OBJC_ARC = YES;
				CLANG_ENABLE_OBJC_WEAK = YES;
				CLANG_WARN_BLOCK_CAPTURE_AUTORELEASING = YES;
				CLANG_WARN_BOOL_CONVERSION = YES;
				CLANG_WARN_COMMA = YES;
				CLANG_WARN_CONSTANT_CONVERSION = YES;
				CLANG_WARN_DEPRECATED_OBJC_IMPLEMENTATIONS = YES;
				CLANG_WARN_DIRECT_OBJC_ISA_USAGE = YES_ERROR;
				CLANG_WARN_DOCUMENTATION_COMMENTS = YES;
				CLANG_WARN_EMPTY_BODY = YES;
				CLANG_WARN_ENUM_CONVERSION = YES;
				CLANG_WARN_INFINITE_RECURSION = YES;
				CLANG_WARN_INT_CONVERSION = YES;
				CLANG_WARN_NON_LITERAL_NULL_CONVERSION = YES;
				CLANG_WARN_OBJC_IMPLICIT_RETAIN_SELF = YES;
				CLANG_WARN_OBJC_LITERAL_CONVERSION = YES;
				CLANG_WARN_OBJC_ROOT_CLASS = YES_ERROR;
				CLANG_WARN_QUOTED_INCLUDE_IN_FRAMEWORK_HEADER = YES;
				CLANG_WARN_RANGE_LOOP_ANALYSIS = YES;
				CLANG_WARN_STRICT_PROTOTYPES = YES;
				CLANG_WARN_SUSPICIOUS_MOVE = YES;
				CLANG_WARN_UNGUARDED_AVAILABILITY = YES_AGGRESSIVE;
				CLANG_WARN_UNREACHABLE_CODE = YES;
				CLANG_WARN__DUPLICATE_METHOD_MATCH = YES;
				COPY_PHASE_STRIP = NO;
				DEBUG_INFORMATION_FORMAT = dwarf;
				ENABLE_STRICT_OBJC_MSGSEND = YES;
				ENABLE_TESTABILITY = YES;
				GCC_C_LANGUAGE_STANDARD = gnu11;
				GCC_DYNAMIC_NO_PIC = NO;
				GCC_NO_COMMON_BLOCKS = YES;
				GCC_OPTIMIZATION_LEVEL = 0;
				GCC_PREPROCESSOR_DEFINITIONS = (
					"DEBUG=1",
					"$(inherited)",
				);
				GCC_WARN_64_TO_32_BIT_CONVERSION = YES;
				GCC_WARN_ABOUT_RETURN_TYPE = YES_ERROR;
				GCC_WARN_UNDECLARED_SELECTOR = YES;
				GCC_WARN_UNINITIALIZED_AUTOS = YES_AGGRESSIVE;
				GCC_WARN_UNUSED_FUNCTION = YES;
				GCC_WARN_UNUSED_VARIABLE = YES;
				IPHONEOS_DEPLOYMENT_TARGET = 16.2;
				MTL_ENABLE_DEBUG_INFO = INCLUDE_SOURCE;
				MTL_FAST_MATH = YES;
				ONLY_ACTIVE_ARCH = YES;
				SDKROOT = iphoneos;
				SWIFT_ACTIVE_COMPILATION_CONDITIONS = DEBUG;
				SWIFT_OPTIMIZATION_LEVEL = "-Onone";
			};
			name = Debug;
		};
		A27ED68E2AE2CE440058196A /* Release */ = {
			isa = XCBuildConfiguration;
			buildSettings = {
				ALWAYS_SEARCH_USER_PATHS = NO;
				CLANG_ANALYZER_NONNULL = YES;
				CLANG_ANALYZER_NUMBER_OBJECT_CONVERSION = YES_AGGRESSIVE;
				CLANG_CXX_LANGUAGE_STANDARD = "gnu++20";
				CLANG_ENABLE_MODULES = YES;
				CLANG_ENABLE_OBJC_ARC = YES;
				CLANG_ENABLE_OBJC_WEAK = YES;
				CLANG_WARN_BLOCK_CAPTURE_AUTORELEASING = YES;
				CLANG_WARN_BOOL_CONVERSION = YES;
				CLANG_WARN_COMMA = YES;
				CLANG_WARN_CONSTANT_CONVERSION = YES;
				CLANG_WARN_DEPRECATED_OBJC_IMPLEMENTATIONS = YES;
				CLANG_WARN_DIRECT_OBJC_ISA_USAGE = YES_ERROR;
				CLANG_WARN_DOCUMENTATION_COMMENTS = YES;
				CLANG_WARN_EMPTY_BODY = YES;
				CLANG_WARN_ENUM_CONVERSION = YES;
				CLANG_WARN_INFINITE_RECURSION = YES;
				CLANG_WARN_INT_CONVERSION = YES;
				CLANG_WARN_NON_LITERAL_NULL_CONVERSION = YES;
				CLANG_WARN_OBJC_IMPLICIT_RETAIN_SELF = YES;
				CLANG_WARN_OBJC_LITERAL_CONVERSION = YES;
				CLANG_WARN_OBJC_ROOT_CLASS = YES_ERROR;
				CLANG_WARN_QUOTED_INCLUDE_IN_FRAMEWORK_HEADER = YES;
				CLANG_WARN_RANGE_LOOP_ANALYSIS = YES;
				CLANG_WARN_STRICT_PROTOTYPES = YES;
				CLANG_WARN_SUSPICIOUS_MOVE = YES;
				CLANG_WARN_UNGUARDED_AVAILABILITY = YES_AGGRESSIVE;
				CLANG_WARN_UNREACHABLE_CODE = YES;
				CLANG_WARN__DUPLICATE_METHOD_MATCH = YES;
				COPY_PHASE_STRIP = NO;
				DEBUG_INFORMATION_FORMAT = "dwarf-with-dsym";
				ENABLE_NS_ASSERTIONS = NO;
				ENABLE_STRICT_OBJC_MSGSEND = YES;
				GCC_C_LANGUAGE_STANDARD = gnu11;
				GCC_NO_COMMON_BLOCKS = YES;
				GCC_WARN_64_TO_32_BIT_CONVERSION = YES;
				GCC_WARN_ABOUT_RETURN_TYPE = YES_ERROR;
				GCC_WARN_UNDECLARED_SELECTOR = YES;
				GCC_WARN_UNINITIALIZED_AUTOS = YES_AGGRESSIVE;
				GCC_WARN_UNUSED_FUNCTION = YES;
				GCC_WARN_UNUSED_VARIABLE = YES;
				IPHONEOS_DEPLOYMENT_TARGET = 16.2;
				MTL_ENABLE_DEBUG_INFO = NO;
				MTL_FAST_MATH = YES;
				SDKROOT = iphoneos;
				SWIFT_COMPILATION_MODE = wholemodule;
				SWIFT_OPTIMIZATION_LEVEL = "-O";
				VALIDATE_PRODUCT = YES;
			};
			name = Release;
		};
		A27ED6902AE2CE440058196A /* Debug */ = {
			isa = XCBuildConfiguration;
			buildSettings = {
				ALWAYS_EMBED_SWIFT_STANDARD_LIBRARIES = YES;
				ASSETCATALOG_COMPILER_APPICON_NAME = AppIcon;
				ASSETCATALOG_COMPILER_GLOBAL_ACCENT_COLOR_NAME = AccentColor;
				CODE_SIGN_ENTITLEMENTS = ScreenTimeTest/ScreenTimeTest.entitlements;
				CODE_SIGN_STYLE = Automatic;
				CURRENT_PROJECT_VERSION = 1;
				DEVELOPMENT_ASSET_PATHS = "\"ScreenTimeTest/Preview Content\"";
				DEVELOPMENT_TEAM = HVQ73AB282;
				ENABLE_PREVIEWS = YES;
				GENERATE_INFOPLIST_FILE = YES;
				INFOPLIST_KEY_UIApplicationSceneManifest_Generation = YES;
				INFOPLIST_KEY_UIApplicationSupportsIndirectInputEvents = YES;
				INFOPLIST_KEY_UILaunchScreen_Generation = YES;
				INFOPLIST_KEY_UISupportedInterfaceOrientations_iPad = "UIInterfaceOrientationPortrait UIInterfaceOrientationPortraitUpsideDown UIInterfaceOrientationLandscapeLeft UIInterfaceOrientationLandscapeRight";
				INFOPLIST_KEY_UISupportedInterfaceOrientations_iPhone = "UIInterfaceOrientationPortrait UIInterfaceOrientationLandscapeLeft UIInterfaceOrientationLandscapeRight";
				LD_RUNPATH_SEARCH_PATHS = (
					"$(inherited)",
					"@executable_path/Frameworks",
				);
				MARKETING_VERSION = 1.0;
				PRODUCT_BUNDLE_IDENTIFIER = com.barusso.ScreenTimeTest;
				PRODUCT_NAME = "$(TARGET_NAME)";
				SWIFT_EMIT_LOC_STRINGS = YES;
				SWIFT_VERSION = 5.0;
				TARGETED_DEVICE_FAMILY = "1,2";
			};
			name = Debug;
		};
		A27ED6912AE2CE440058196A /* Release */ = {
			isa = XCBuildConfiguration;
			buildSettings = {
				ALWAYS_EMBED_SWIFT_STANDARD_LIBRARIES = YES;
				ASSETCATALOG_COMPILER_APPICON_NAME = AppIcon;
				ASSETCATALOG_COMPILER_GLOBAL_ACCENT_COLOR_NAME = AccentColor;
				CODE_SIGN_ENTITLEMENTS = ScreenTimeTest/ScreenTimeTest.entitlements;
				CODE_SIGN_STYLE = Automatic;
				CURRENT_PROJECT_VERSION = 1;
				DEVELOPMENT_ASSET_PATHS = "\"ScreenTimeTest/Preview Content\"";
				DEVELOPMENT_TEAM = HVQ73AB282;
				ENABLE_PREVIEWS = YES;
				GENERATE_INFOPLIST_FILE = YES;
				INFOPLIST_KEY_UIApplicationSceneManifest_Generation = YES;
				INFOPLIST_KEY_UIApplicationSupportsIndirectInputEvents = YES;
				INFOPLIST_KEY_UILaunchScreen_Generation = YES;
				INFOPLIST_KEY_UISupportedInterfaceOrientations_iPad = "UIInterfaceOrientationPortrait UIInterfaceOrientationPortraitUpsideDown UIInterfaceOrientationLandscapeLeft UIInterfaceOrientationLandscapeRight";
				INFOPLIST_KEY_UISupportedInterfaceOrientations_iPhone = "UIInterfaceOrientationPortrait UIInterfaceOrientationLandscapeLeft UIInterfaceOrientationLandscapeRight";
				LD_RUNPATH_SEARCH_PATHS = (
					"$(inherited)",
					"@executable_path/Frameworks",
				);
				MARKETING_VERSION = 1.0;
				PRODUCT_BUNDLE_IDENTIFIER = com.barusso.ScreenTimeTest;
				PRODUCT_NAME = "$(TARGET_NAME)";
				SWIFT_EMIT_LOC_STRINGS = YES;
				SWIFT_VERSION = 5.0;
				TARGETED_DEVICE_FAMILY = "1,2";
			};
			name = Release;
		};
		A27ED6B92AE2CF700058196A /* Debug */ = {
			isa = XCBuildConfiguration;
			buildSettings = {
				CODE_SIGN_ENTITLEMENTS = DeviceActivityReportExtension/DeviceActivityReportExtension.entitlements;
				CODE_SIGN_STYLE = Automatic;
				CURRENT_PROJECT_VERSION = 1;
				DEVELOPMENT_TEAM = HVQ73AB282;
				GENERATE_INFOPLIST_FILE = YES;
				INFOPLIST_FILE = DeviceActivityReportExtension/Info.plist;
				INFOPLIST_KEY_CFBundleDisplayName = DeviceActivityReportExtension;
				INFOPLIST_KEY_NSHumanReadableCopyright = "";
				IPHONEOS_DEPLOYMENT_TARGET = 16.0;
				LD_RUNPATH_SEARCH_PATHS = (
					"$(inherited)",
					"@executable_path/Frameworks",
					"@executable_path/../../Frameworks",
				);
				MARKETING_VERSION = 1.0;
				PRODUCT_BUNDLE_IDENTIFIER = com.barusso.ScreenTimeTest.DeviceActivityReportExtension;
				PRODUCT_NAME = "$(TARGET_NAME)";
				SKIP_INSTALL = YES;
				SWIFT_EMIT_LOC_STRINGS = YES;
				SWIFT_VERSION = 5.0;
				TARGETED_DEVICE_FAMILY = "1,2";
			};
			name = Debug;
		};
		A27ED6BA2AE2CF700058196A /* Release */ = {
			isa = XCBuildConfiguration;
			buildSettings = {
				CODE_SIGN_ENTITLEMENTS = DeviceActivityReportExtension/DeviceActivityReportExtension.entitlements;
				CODE_SIGN_STYLE = Automatic;
				CURRENT_PROJECT_VERSION = 1;
				DEVELOPMENT_TEAM = HVQ73AB282;
				GENERATE_INFOPLIST_FILE = YES;
				INFOPLIST_FILE = DeviceActivityReportExtension/Info.plist;
				INFOPLIST_KEY_CFBundleDisplayName = DeviceActivityReportExtension;
				INFOPLIST_KEY_NSHumanReadableCopyright = "";
				IPHONEOS_DEPLOYMENT_TARGET = 16.0;
				LD_RUNPATH_SEARCH_PATHS = (
					"$(inherited)",
					"@executable_path/Frameworks",
					"@executable_path/../../Frameworks",
				);
				MARKETING_VERSION = 1.0;
				PRODUCT_BUNDLE_IDENTIFIER = com.barusso.ScreenTimeTest.DeviceActivityReportExtension;
				PRODUCT_NAME = "$(TARGET_NAME)";
				SKIP_INSTALL = YES;
				SWIFT_EMIT_LOC_STRINGS = YES;
				SWIFT_VERSION = 5.0;
				TARGETED_DEVICE_FAMILY = "1,2";
			};
			name = Release;
		};
/* End XCBuildConfiguration section */

/* Begin XCConfigurationList section */
		A27ED67C2AE2CE430058196A /* Build configuration list for PBXProject "ScreenTimeTest" */ = {
			isa = XCConfigurationList;
			buildConfigurations = (
				A27ED68D2AE2CE440058196A /* Debug */,
				A27ED68E2AE2CE440058196A /* Release */,
			);
			defaultConfigurationIsVisible = 0;
			defaultConfigurationName = Release;
		};
		A27ED68F2AE2CE440058196A /* Build configuration list for PBXNativeTarget "ScreenTimeTest" */ = {
			isa = XCConfigurationList;
			buildConfigurations = (
				A27ED6902AE2CE440058196A /* Debug */,
				A27ED6912AE2CE440058196A /* Release */,
			);
			defaultConfigurationIsVisible = 0;
			defaultConfigurationName = Release;
		};
		A27ED6B82AE2CF700058196A /* Build configuration list for PBXNativeTarget "DeviceActivityReportExtension" */ = {
			isa = XCConfigurationList;
			buildConfigurations = (
				A27ED6B92AE2CF700058196A /* Debug */,
				A27ED6BA2AE2CF700058196A /* Release */,
			);
			defaultConfigurationIsVisible = 0;
			defaultConfigurationName = Release;
		};
/* End XCConfigurationList section */
	};
	rootObject = A27ED6792AE2CE430058196A /* Project object */;
}
